# Generated by pub
# See https://dart.dev/tools/pub/glossary#lockfile
packages:
  flutter_simple_dependency_injection:
    dependency: "direct main"
    description:
      name: flutter_simple_dependency_injection
      url: "https://pub.dartlang.org"
    source: hosted
    version: "1.0.2+1"
  meta:
    dependency: "direct main"
    description:
      name: meta
      url: "https://pub.dartlang.org"
    source: hosted
    version: "1.2.2"
  rxdart:
    dependency: "direct main"
    description:
      name: rxdart
      url: "https://pub.dartlang.org"
    source: hosted
    version: "0.24.1"
sdks:
  dart: ">=2.6.0 <3.0.0"
